
Microsoft Visual Studio Solution File, Format Version 12.00
# Visual Studio 15
VisualStudioVersion = 15.0.27130.2010
MinimumVisualStudioVersion = 10.0.40219.1
Project("{FAE04EC0-301F-11D3-BF4B-00C04F79EFBC}") = "StringSeperation", "StringSeperation\StringSeperation.csproj", "{50F70E46-CB90-41E8-A7FF-56E069CC088B}"
EndProject
Global
	GlobalSection(SolutionConfigurationPlatforms) = preSolution
		Debug|Any CPU = Debug|Any CPU
		Release|Any CPU = Release|Any CPU
	EndGlobalSection
	GlobalSection(ProjectConfigurationPlatforms) = postSolution
		{50F70E46-CB90-41E8-A7FF-56E069CC088B}.Debug|Any CPU.ActiveCfg = Debug|Any CPU
		{50F70E46-CB90-41E8-A7FF-56E069CC088B}.Debug|Any CPU.Build.0 = Debug|Any CPU
		{50F70E46-CB90-41E8-A7FF-56E069CC088B}.Release|Any CPU.ActiveCfg = Release|Any CPU
		{50F70E46-CB90-41E8-A7FF-56E069CC088B}.Release|Any CPU.Build.0 = Release|Any CPU
	EndGlobalSection
	GlobalSection(SolutionProperties) = preSolution
		HideSolutionNode = FALSE
	EndGlobalSection
	GlobalSection(ExtensibilityGlobals) = postSolution
		SolutionGuid = {B6170950-E45E-43ED-8194-618CAB1EDD60}
	EndGlobalSection
EndGlobal
